<Solution>
  <Folder Name="/Demos/">
    <Project Path="src/Demos/UpSparkleDemos.MacCatalystDemo/UpSparkleDemos.MacCatalystDemo.csproj">
      <Deploy />
    </Project>
    <Project Path="src/Demos/UpSparkleDemos.MauiDemo/UpSparkleDemos.MauiDemo.csproj" />
    <Project Path="src/Demos/UpSparkleDemos.WinFormsDemo/UpSparkleDemos.WinFormsDemo.csproj" />
    <Project Path="src/Demos/UpSparkleDemos.WpfDemo/UpSparkleDemos.WpfDemo.csproj" />
    <Project Path="src/Demos/UpSparkleDemos.AvaloniaDemo/UpSparkleDemos.AvaloniaDemo.csproj" />
    <Project Path="src/Demos/UpSparkleDemos.MacOSDemo/UpSparkleDemos.MacOSDemo.csproj">
      <Deploy />
    </Project>
  </Folder>
  <Project Path="src/UpSparkle.Tests/UpSparkle.Tests.csproj" />
  <Project Path="src/UpSparkle/UpSparkle.csproj" />
</Solution>
