Microsoft Visual Studio Solution File, Format Version 12.00
# Visual Studio 15
VisualStudioVersion = 15.0.27130.2036
MinimumVisualStudioVersion = 10.0.40219.1
Project("{FAE04EC0-301F-11D3-BF4B-00C04F79EFBC}") = "Upsparkle", "Upsparkle\Upsparkle.csproj", "{AC4516FF-B12A-4F3E-979A-388F694A7068}"
EndProject
Project("{FAE04EC0-301F-11D3-BF4B-00C04F79EFBC}") = "Upsparkle.NuGet", "Upsparkle.NuGet\Upsparkle.NuGet.csproj", "{AE4EB345-E0DD-431C-9E5B-A6369FF62A47}"
EndProject
Project("{FAE04EC0-301F-11D3-BF4B-00C04F79EFBC}") = "Upsparkle.Mac.NuGet", "Upsparkle.Mac.NuGet\Upsparkle.Mac.NuGet.csproj", "{67B9CE52-6DFA-4386-9825-66FACE5F0C6F}"
EndProject
Project("{2150E333-8FDC-42A3-9474-1A3956D46DE8}") = "Demos", "Demos", "{86F6C279-1E1A-424C-903C-ED417D92EE9F}"
EndProject
Project("{FAE04EC0-301F-11D3-BF4B-00C04F79EFBC}") = "UpsparkleDemo.XamMac", "UpsparkleDemo.XamMac\UpsparkleDemo.XamMac.csproj", "{C51DC703-AF54-4D80-8D64-30F3A5CF7239}"
EndProject
Global
	GlobalSection(SolutionConfigurationPlatforms) = preSolution
		Debug|Any CPU = Debug|Any CPU
		Release|Any CPU = Release|Any CPU
	EndGlobalSection
	GlobalSection(ProjectConfigurationPlatforms) = postSolution
		{AC4516FF-B12A-4F3E-979A-388F694A7068}.Debug|Any CPU.ActiveCfg = Debug|Any CPU
		{AC4516FF-B12A-4F3E-979A-388F694A7068}.Debug|Any CPU.Build.0 = Debug|Any CPU
		{AC4516FF-B12A-4F3E-979A-388F694A7068}.Release|Any CPU.ActiveCfg = Release|Any CPU
		{AC4516FF-B12A-4F3E-979A-388F694A7068}.Release|Any CPU.Build.0 = Release|Any CPU
		{AE4EB345-E0DD-431C-9E5B-A6369FF62A47}.Debug|Any CPU.ActiveCfg = Debug|Any CPU
		{AE4EB345-E0DD-431C-9E5B-A6369FF62A47}.Debug|Any CPU.Build.0 = Debug|Any CPU
		{AE4EB345-E0DD-431C-9E5B-A6369FF62A47}.Release|Any CPU.ActiveCfg = Release|Any CPU
		{AE4EB345-E0DD-431C-9E5B-A6369FF62A47}.Release|Any CPU.Build.0 = Release|Any CPU
		{67B9CE52-6DFA-4386-9825-66FACE5F0C6F}.Debug|Any CPU.ActiveCfg = Debug|Any CPU
		{67B9CE52-6DFA-4386-9825-66FACE5F0C6F}.Debug|Any CPU.Build.0 = Debug|Any CPU
		{67B9CE52-6DFA-4386-9825-66FACE5F0C6F}.Release|Any CPU.ActiveCfg = Release|Any CPU
		{67B9CE52-6DFA-4386-9825-66FACE5F0C6F}.Release|Any CPU.Build.0 = Release|Any CPU
		{C51DC703-AF54-4D80-8D64-30F3A5CF7239}.Debug|Any CPU.ActiveCfg = Debug|Any CPU
		{C51DC703-AF54-4D80-8D64-30F3A5CF7239}.Debug|Any CPU.Build.0 = Debug|Any CPU
		{C51DC703-AF54-4D80-8D64-30F3A5CF7239}.Release|Any CPU.ActiveCfg = Release|Any CPU
		{C51DC703-AF54-4D80-8D64-30F3A5CF7239}.Release|Any CPU.Build.0 = Release|Any CPU
	EndGlobalSection
	GlobalSection(SolutionProperties) = preSolution
		HideSolutionNode = FALSE
	EndGlobalSection
	GlobalSection(ExtensibilityGlobals) = postSolution
		SolutionGuid = {5E666576-6C9B-422F-BD8D-DAF7C6A32631}
	EndGlobalSection
	GlobalSection(NestedProjects) = preSolution
		{C51DC703-AF54-4D80-8D64-30F3A5CF7239} = {86F6C279-1E1A-424C-903C-ED417D92EE9F}
	EndGlobalSection
EndGlobal
