
Microsoft Visual Studio Solution File, Format Version 12.00
# Visual Studio 2012
Project("{FAE04EC0-301F-11D3-BF4B-00C04F79EFBC}") = "Upsparkle.XamMac", "Upsparkle.XamMac\Upsparkle.XamMac.csproj", "{0F6E9AFF-0E09-4CC1-AF40-EAF4D27F35DC}"
EndProject
Global
	GlobalSection(SolutionConfigurationPlatforms) = preSolution
		Debug|Any CPU = Debug|Any CPU
		Release|Any CPU = Release|Any CPU
	EndGlobalSection
	GlobalSection(ProjectConfigurationPlatforms) = postSolution
		{0F6E9AFF-0E09-4CC1-AF40-EAF4D27F35DC}.Debug|Any CPU.ActiveCfg = Debug|Any CPU
		{0F6E9AFF-0E09-4CC1-AF40-EAF4D27F35DC}.Debug|Any CPU.Build.0 = Debug|Any CPU
		{0F6E9AFF-0E09-4CC1-AF40-EAF4D27F35DC}.Release|Any CPU.ActiveCfg = Release|Any CPU
		{0F6E9AFF-0E09-4CC1-AF40-EAF4D27F35DC}.Release|Any CPU.Build.0 = Release|Any CPU
	EndGlobalSection
EndGlobal
